
Microsoft Visual Studio Solution File, Format Version 12.00
# Visual Studio Version 17
VisualStudioVersion = 17.11.35327.3
MinimumVisualStudioVersion = 10.0.40219.1
Project("{FAE04EC0-301F-11D3-BF4B-00C04F79EFBC}") = "Collections", "Collections\Collections.csproj", "{093CCE0C-731D-45A3-8729-B744260B565F}"
EndProject
Global
	GlobalSection(SolutionConfigurationPlatforms) = preSolution
		Debug|Any CPU = Debug|Any CPU
		Release|Any CPU = Release|Any CPU
	EndGlobalSection
	GlobalSection(ProjectConfigurationPlatforms) = postSolution
		{093CCE0C-731D-45A3-8729-B744260B565F}.Debug|Any CPU.ActiveCfg = Debug|Any CPU
		{093CCE0C-731D-45A3-8729-B744260B565F}.Debug|Any CPU.Build.0 = Debug|Any CPU
		{093CCE0C-731D-45A3-8729-B744260B565F}.Release|Any CPU.ActiveCfg = Release|Any CPU
		{093CCE0C-731D-45A3-8729-B744260B565F}.Release|Any CPU.Build.0 = Release|Any CPU
	EndGlobalSection
	GlobalSection(SolutionProperties) = preSolution
		HideSolutionNode = FALSE
	EndGlobalSection
	GlobalSection(ExtensibilityGlobals) = postSolution
		SolutionGuid = {A4D81AC8-7C48-40C4-82CA-A387660104FB}
	EndGlobalSection
EndGlobal
